// !$*UTF8*$!
{
	archiveVersion = 1;
	classes = {
	};
	objectVersion = 46;
	objects = {

/* Begin PBXBuildFile section */
		D00172371BBF7D57005253FD /* LandingViewController.swift in Sources */ = {isa = PBXBuildFile; fileRef = D00172361BBF7D57005253FD /* LandingViewController.swift */; settings = {ASSET_TAGS = (); }; };
		D001723B1BBF7E52005253FD /* LaunchBackground.jpg in Resources */ = {isa = PBXBuildFile; fileRef = D001723A1BBF7E52005253FD /* LaunchBackground.jpg */; settings = {ASSET_TAGS = (); }; };
		D001723D1BBF82D4005253FD /* LaunchBack.jpg in Resources */ = {isa = PBXBuildFile; fileRef = D001723C1BBF82D4005253FD /* LaunchBack.jpg */; settings = {ASSET_TAGS = (); }; };
		D06B28E41BC191CB000CE52E /* ActivitiesViewController.swift in Sources */ = {isa = PBXBuildFile; fileRef = D06B28E31BC191CB000CE52E /* ActivitiesViewController.swift */; settings = {ASSET_TAGS = (); }; };
		D0A1BDFD1BBCA38900B510A7 /* AppDelegate.swift in Sources */ = {isa = PBXBuildFile; fileRef = D0A1BDFC1BBCA38900B510A7 /* AppDelegate.swift */; };
		D0A1BDFF1BBCA38900B510A7 /* ViewController.swift in Sources */ = {isa = PBXBuildFile; fileRef = D0A1BDFE1BBCA38900B510A7 /* ViewController.swift */; };
		D0A1BE021BBCA38900B510A7 /* Main.storyboard in Resources */ = {isa = PBXBuildFile; fileRef = D0A1BE001BBCA38900B510A7 /* Main.storyboard */; };
		D0A1BE041BBCA38900B510A7 /* Assets.xcassets in Resources */ = {isa = PBXBuildFile; fileRef = D0A1BE031BBCA38900B510A7 /* Assets.xcassets */; };
		D0A1BE071BBCA38900B510A7 /* LaunchScreen.storyboard in Resources */ = {isa = PBXBuildFile; fileRef = D0A1BE051BBCA38900B510A7 /* LaunchScreen.storyboard */; };
		D0A1BE121BBCA38900B510A7 /* Rooms_Tests.swift in Sources */ = {isa = PBXBuildFile; fileRef = D0A1BE111BBCA38900B510A7 /* Rooms_Tests.swift */; };
		D0A1BE1D1BBCA38A00B510A7 /* Rooms_UITests.swift in Sources */ = {isa = PBXBuildFile; fileRef = D0A1BE1C1BBCA38A00B510A7 /* Rooms_UITests.swift */; };
/* End PBXBuildFile section */

/* Begin PBXContainerItemProxy section */
		D0A1BE0E1BBCA38900B510A7 /* PBXContainerItemProxy */ = {
			isa = PBXContainerItemProxy;
			containerPortal = D0A1BDF11BBCA38900B510A7 /* Project object */;
			proxyType = 1;
			remoteGlobalIDString = D0A1BDF81BBCA38900B510A7;
			remoteInfo = "Rooms!";
		};
		D0A1BE191BBCA38900B510A7 /* PBXContainerItemProxy */ = {
			isa = PBXContainerItemProxy;
			containerPortal = D0A1BDF11BBCA38900B510A7 /* Project object */;
			proxyType = 1;
			remoteGlobalIDString = D0A1BDF81BBCA38900B510A7;
			remoteInfo = "Rooms!";
		};
/* End PBXContainerItemProxy section */

/* Begin PBXFileReference section */
		D00172361BBF7D57005253FD /* LandingViewController.swift */ = {isa = PBXFileReference; fileEncoding = 4; lastKnownFileType = sourcecode.swift; path = LandingViewController.swift; sourceTree = "<group>"; };
		D001723A1BBF7E52005253FD /* LaunchBackground.jpg */ = {isa = PBXFileReference; lastKnownFileType = image.jpeg; path = LaunchBackground.jpg; sourceTree = "<group>"; };
		D001723C1BBF82D4005253FD /* LaunchBack.jpg */ = {isa = PBXFileReference; lastKnownFileType = image.jpeg; path = LaunchBack.jpg; sourceTree = "<group>"; };
		D06B28E31BC191CB000CE52E /* ActivitiesViewController.swift */ = {isa = PBXFileReference; fileEncoding = 4; lastKnownFileType = sourcecode.swift; path = ActivitiesViewController.swift; sourceTree = "<group>"; };
		D0A1BDF91BBCA38900B510A7 /* Rooms!.app */ = {isa = PBXFileReference; explicitFileType = wrapper.application; includeInIndex = 0; path = "Rooms!.app"; sourceTree = BUILT_PRODUCTS_DIR; };
		D0A1BDFC1BBCA38900B510A7 /* AppDelegate.swift */ = {isa = PBXFileReference; lastKnownFileType = sourcecode.swift; path = AppDelegate.swift; sourceTree = "<group>"; };
		D0A1BDFE1BBCA38900B510A7 /* ViewController.swift */ = {isa = PBXFileReference; lastKnownFileType = sourcecode.swift; path = ViewController.swift; sourceTree = "<group>"; };
		D0A1BE011BBCA38900B510A7 /* Base */ = {isa = PBXFileReference; lastKnownFileType = file.storyboard; name = Base; path = Base.lproj/Main.storyboard; sourceTree = "<group>"; };
		D0A1BE031BBCA38900B510A7 /* Assets.xcassets */ = {isa = PBXFileReference; lastKnownFileType = folder.assetcatalog; path = Assets.xcassets; sourceTree = "<group>"; };
		D0A1BE061BBCA38900B510A7 /* Base */ = {isa = PBXFileReference; lastKnownFileType = file.storyboard; name = Base; path = Base.lproj/LaunchScreen.storyboard; sourceTree = "<group>"; };
		D0A1BE081BBCA38900B510A7 /* Info.plist */ = {isa = PBXFileReference; lastKnownFileType = text.plist.xml; path = Info.plist; sourceTree = "<group>"; };
		D0A1BE0D1BBCA38900B510A7 /* Rooms!Tests.xctest */ = {isa = PBXFileReference; explicitFileType = wrapper.cfbundle; includeInIndex = 0; path = "Rooms!Tests.xctest"; sourceTree = BUILT_PRODUCTS_DIR; };
		D0A1BE111BBCA38900B510A7 /* Rooms_Tests.swift */ = {isa = PBXFileReference; lastKnownFileType = sourcecode.swift; path = Rooms_Tests.swift; sourceTree = "<group>"; };
		D0A1BE131BBCA38900B510A7 /* Info.plist */ = {isa = PBXFileReference; lastKnownFileType = text.plist.xml; path = Info.plist; sourceTree = "<group>"; };
		D0A1BE181BBCA38900B510A7 /* Rooms!UITests.xctest */ = {isa = PBXFileReference; explicitFileType = wrapper.cfbundle; includeInIndex = 0; path = "Rooms!UITests.xctest"; sourceTree = BUILT_PRODUCTS_DIR; };
		D0A1BE1C1BBCA38A00B510A7 /* Rooms_UITests.swift */ = {isa = PBXFileReference; lastKnownFileType = sourcecode.swift; path = Rooms_UITests.swift; sourceTree = "<group>"; };
		D0A1BE1E1BBCA38A00B510A7 /* Info.plist */ = {isa = PBXFileReference; lastKnownFileType = text.plist.xml; path = Info.plist; sourceTree = "<group>"; };
/* End PBXFileReference section */

/* Begin PBXFrameworksBuildPhase section */
		D0A1BDF61BBCA38900B510A7 /* Frameworks */ = {
			isa = PBXFrameworksBuildPhase;
			buildActionMask = 2147483647;
			files = (
			);
			runOnlyForDeploymentPostprocessing = 0;
		};
		D0A1BE0A1BBCA38900B510A7 /* Frameworks */ = {
			isa = PBXFrameworksBuildPhase;
			buildActionMask = 2147483647;
			files = (
			);
			runOnlyForDeploymentPostprocessing = 0;
		};
		D0A1BE151BBCA38900B510A7 /* Frameworks */ = {
			isa = PBXFrameworksBuildPhase;
			buildActionMask = 2147483647;
			files = (
			);
			runOnlyForDeploymentPostprocessing = 0;
		};
/* End PBXFrameworksBuildPhase section */

/* Begin PBXGroup section */
		D0A1BDF01BBCA38900B510A7 = {
			isa = PBXGroup;
			children = (
				D0A1BDFB1BBCA38900B510A7 /* Rooms! */,
				D0A1BE101BBCA38900B510A7 /* Rooms!Tests */,
				D0A1BE1B1BBCA38900B510A7 /* Rooms!UITests */,
				D0A1BDFA1BBCA38900B510A7 /* Products */,
				D001723A1BBF7E52005253FD /* LaunchBackground.jpg */,
				D001723C1BBF82D4005253FD /* LaunchBack.jpg */,
			);
			sourceTree = "<group>";
		};
		D0A1BDFA1BBCA38900B510A7 /* Products */ = {
			isa = PBXGroup;
			children = (
				D0A1BDF91BBCA38900B510A7 /* Rooms!.app */,
				D0A1BE0D1BBCA38900B510A7 /* Rooms!Tests.xctest */,
				D0A1BE181BBCA38900B510A7 /* Rooms!UITests.xctest */,
			);
			name = Products;
			sourceTree = "<group>";
		};
		D0A1BDFB1BBCA38900B510A7 /* Rooms! */ = {
			isa = PBXGroup;
			children = (
				D0A1BDFC1BBCA38900B510A7 /* AppDelegate.swift */,
				D0A1BDFE1BBCA38900B510A7 /* ViewController.swift */,
				D00172361BBF7D57005253FD /* LandingViewController.swift */,
				D06B28E31BC191CB000CE52E /* ActivitiesViewController.swift */,
				D0A1BE001BBCA38900B510A7 /* Main.storyboard */,
				D0A1BE031BBCA38900B510A7 /* Assets.xcassets */,
				D0A1BE051BBCA38900B510A7 /* LaunchScreen.storyboard */,
				D0A1BE081BBCA38900B510A7 /* Info.plist */,
			);
			path = "Rooms!";
			sourceTree = "<group>";
		};
		D0A1BE101BBCA38900B510A7 /* Rooms!Tests */ = {
			isa = PBXGroup;
			children = (
				D0A1BE111BBCA38900B510A7 /* Rooms_Tests.swift */,
				D0A1BE131BBCA38900B510A7 /* Info.plist */,
			);
			path = "Rooms!Tests";
			sourceTree = "<group>";
		};
		D0A1BE1B1BBCA38900B510A7 /* Rooms!UITests */ = {
			isa = PBXGroup;
			children = (
				D0A1BE1C1BBCA38A00B510A7 /* Rooms_UITests.swift */,
				D0A1BE1E1BBCA38A00B510A7 /* Info.plist */,
			);
			path = "Rooms!UITests";
			sourceTree = "<group>";
		};
/* End PBXGroup section */

/* Begin PBXNativeTarget section */
		D0A1BDF81BBCA38900B510A7 /* Rooms! */ = {
			isa = PBXNativeTarget;
			buildConfigurationList = D0A1BE211BBCA38A00B510A7 /* Build configuration list for PBXNativeTarget "Rooms!" */;
			buildPhases = (
				D0A1BDF51BBCA38900B510A7 /* Sources */,
				D0A1BDF61BBCA38900B510A7 /* Frameworks */,
				D0A1BDF71BBCA38900B510A7 /* Resources */,
			);
			buildRules = (
			);
			dependencies = (
			);
			name = "Rooms!";
			productName = "Rooms!";
			productReference = D0A1BDF91BBCA38900B510A7 /* Rooms!.app */;
			productType = "com.apple.product-type.application";
		};
		D0A1BE0C1BBCA38900B510A7 /* Rooms!Tests */ = {
			isa = PBXNativeTarget;
			buildConfigurationList = D0A1BE241BBCA38A00B510A7 /* Build configuration list for PBXNativeTarget "Rooms!Tests" */;
			buildPhases = (
				D0A1BE091BBCA38900B510A7 /* Sources */,
				D0A1BE0A1BBCA38900B510A7 /* Frameworks */,
				D0A1BE0B1BBCA38900B510A7 /* Resources */,
			);
			buildRules = (
			);
			dependencies = (
				D0A1BE0F1BBCA38900B510A7 /* PBXTargetDependency */,
			);
			name = "Rooms!Tests";
			productName = "Rooms!Tests";
			productReference = D0A1BE0D1BBCA38900B510A7 /* Rooms!Tests.xctest */;
			productType = "com.apple.product-type.bundle.unit-test";
		};
		D0A1BE171BBCA38900B510A7 /* Rooms!UITests */ = {
			isa = PBXNativeTarget;
			buildConfigurationList = D0A1BE271BBCA38A00B510A7 /* Build configuration list for PBXNativeTarget "Rooms!UITests" */;
			buildPhases = (
				D0A1BE141BBCA38900B510A7 /* Sources */,
				D0A1BE151BBCA38900B510A7 /* Frameworks */,
				D0A1BE161BBCA38900B510A7 /* Resources */,
			);
			buildRules = (
			);
			dependencies = (
				D0A1BE1A1BBCA38900B510A7 /* PBXTargetDependency */,
			);
			name = "Rooms!UITests";
			productName = "Rooms!UITests";
			productReference = D0A1BE181BBCA38900B510A7 /* Rooms!UITests.xctest */;
			productType = "com.apple.product-type.bundle.ui-testing";
		};
/* End PBXNativeTarget section */

/* Begin PBXProject section */
		D0A1BDF11BBCA38900B510A7 /* Project object */ = {
			isa = PBXProject;
			attributes = {
				LastUpgradeCheck = 0700;
				ORGANIZATIONNAME = "Justin Lennox";
				TargetAttributes = {
					D0A1BDF81BBCA38900B510A7 = {
						CreatedOnToolsVersion = 7.0;
					};
					D0A1BE0C1BBCA38900B510A7 = {
						CreatedOnToolsVersion = 7.0;
						TestTargetID = D0A1BDF81BBCA38900B510A7;
					};
					D0A1BE171BBCA38900B510A7 = {
						CreatedOnToolsVersion = 7.0;
						TestTargetID = D0A1BDF81BBCA38900B510A7;
					};
				};
			};
			buildConfigurationList = D0A1BDF41BBCA38900B510A7 /* Build configuration list for PBXProject "Rooms!" */;
			compatibilityVersion = "Xcode 3.2";
			developmentRegion = English;
			hasScannedForEncodings = 0;
			knownRegions = (
				en,
				Base,
			);
			mainGroup = D0A1BDF01BBCA38900B510A7;
			productRefGroup = D0A1BDFA1BBCA38900B510A7 /* Products */;
			projectDirPath = "";
			projectRoot = "";
			targets = (
				D0A1BDF81BBCA38900B510A7 /* Rooms! */,
				D0A1BE0C1BBCA38900B510A7 /* Rooms!Tests */,
				D0A1BE171BBCA38900B510A7 /* Rooms!UITests */,
			);
		};
/* End PBXProject section */

/* Begin PBXResourcesBuildPhase section */
		D0A1BDF71BBCA38900B510A7 /* Resources */ = {
			isa = PBXResourcesBuildPhase;
			buildActionMask = 2147483647;
			files = (
				D001723B1BBF7E52005253FD /* LaunchBackground.jpg in Resources */,
				D0A1BE071BBCA38900B510A7 /* LaunchScreen.storyboard in Resources */,
				D001723D1BBF82D4005253FD /* LaunchBack.jpg in Resources */,
				D0A1BE041BBCA38900B510A7 /* Assets.xcassets in Resources */,
				D0A1BE021BBCA38900B510A7 /* Main.storyboard in Resources */,
			);
			runOnlyForDeploymentPostprocessing = 0;
		};
		D0A1BE0B1BBCA38900B510A7 /* Resources */ = {
			isa = PBXResourcesBuildPhase;
			buildActionMask = 2147483647;
			files = (
			);
			runOnlyForDeploymentPostprocessing = 0;
		};
		D0A1BE161BBCA38900B510A7 /* Resources */ = {
			isa = PBXResourcesBuildPhase;
			buildActionMask = 2147483647;
			files = (
			);
			runOnlyForDeploymentPostprocessing = 0;
		};
/* End PBXResourcesBuildPhase section */

/* Begin PBXSourcesBuildPhase section */
		D0A1BDF51BBCA38900B510A7 /* Sources */ = {
			isa = PBXSourcesBuildPhase;
			buildActionMask = 2147483647;
			files = (
				D0A1BDFF1BBCA38900B510A7 /* ViewController.swift in Sources */,
				D06B28E41BC191CB000CE52E /* ActivitiesViewController.swift in Sources */,
				D00172371BBF7D57005253FD /* LandingViewController.swift in Sources */,
				D0A1BDFD1BBCA38900B510A7 /* AppDelegate.swift in Sources */,
			);
			runOnlyForDeploymentPostprocessing = 0;
		};
		D0A1BE091BBCA38900B510A7 /* Sources */ = {
			isa = PBXSourcesBuildPhase;
			buildActionMask = 2147483647;
			files = (
				D0A1BE121BBCA38900B510A7 /* Rooms_Tests.swift in Sources */,
			);
			runOnlyForDeploymentPostprocessing = 0;
		};
		D0A1BE141BBCA38900B510A7 /* Sources */ = {
			isa = PBXSourcesBuildPhase;
			buildActionMask = 2147483647;
			files = (
				D0A1BE1D1BBCA38A00B510A7 /* Rooms_UITests.swift in Sources */,
			);
			runOnlyForDeploymentPostprocessing = 0;
		};
/* End PBXSourcesBuildPhase section */

/* Begin PBXTargetDependency section */
		D0A1BE0F1BBCA38900B510A7 /* PBXTargetDependency */ = {
			isa = PBXTargetDependency;
			target = D0A1BDF81BBCA38900B510A7 /* Rooms! */;
			targetProxy = D0A1BE0E1BBCA38900B510A7 /* PBXContainerItemProxy */;
		};
		D0A1BE1A1BBCA38900B510A7 /* PBXTargetDependency */ = {
			isa = PBXTargetDependency;
			target = D0A1BDF81BBCA38900B510A7 /* Rooms! */;
			targetProxy = D0A1BE191BBCA38900B510A7 /* PBXContainerItemProxy */;
		};
/* End PBXTargetDependency section */

/* Begin PBXVariantGroup section */
		D0A1BE001BBCA38900B510A7 /* Main.storyboard */ = {
			isa = PBXVariantGroup;
			children = (
				D0A1BE011BBCA38900B510A7 /* Base */,
			);
			name = Main.storyboard;
			sourceTree = "<group>";
		};
		D0A1BE051BBCA38900B510A7 /* LaunchScreen.storyboard */ = {
			isa = PBXVariantGroup;
			children = (
				D0A1BE061BBCA38900B510A7 /* Base */,
			);
			name = LaunchScreen.storyboard;
			sourceTree = "<group>";
		};
/* End PBXVariantGroup section */

/* Begin XCBuildConfiguration section */
		D0A1BE1F1BBCA38A00B510A7 /* Debug */ = {
			isa = XCBuildConfiguration;
			buildSettings = {
				ALWAYS_SEARCH_USER_PATHS = NO;
				CLANG_CXX_LANGUAGE_STANDARD = "gnu++0x";
				CLANG_CXX_LIBRARY = "libc++";
				CLANG_ENABLE_MODULES = YES;
				CLANG_ENABLE_OBJC_ARC = YES;
				CLANG_WARN_BOOL_CONVERSION = YES;
				CLANG_WARN_CONSTANT_CONVERSION = YES;
				CLANG_WARN_DIRECT_OBJC_ISA_USAGE = YES_ERROR;
				CLANG_WARN_EMPTY_BODY = YES;
				CLANG_WARN_ENUM_CONVERSION = YES;
				CLANG_WARN_INT_CONVERSION = YES;
				CLANG_WARN_OBJC_ROOT_CLASS = YES_ERROR;
				CLANG_WARN_UNREACHABLE_CODE = YES;
				CLANG_WARN__DUPLICATE_METHOD_MATCH = YES;
				"CODE_SIGN_IDENTITY[sdk=iphoneos*]" = "iPhone Developer";
				COPY_PHASE_STRIP = NO;
				DEBUG_INFORMATION_FORMAT = dwarf;
				ENABLE_STRICT_OBJC_MSGSEND = YES;
				ENABLE_TESTABILITY = YES;
				GCC_C_LANGUAGE_STANDARD = gnu99;
				GCC_DYNAMIC_NO_PIC = NO;
				GCC_NO_COMMON_BLOCKS = YES;
				GCC_OPTIMIZATION_LEVEL = 0;
				GCC_PREPROCESSOR_DEFINITIONS = (
					"DEBUG=1",
					"$(inherited)",
				);
				GCC_WARN_64_TO_32_BIT_CONVERSION = YES;
				GCC_WARN_ABOUT_RETURN_TYPE = YES_ERROR;
				GCC_WARN_UNDECLARED_SELECTOR = YES;
				GCC_WARN_UNINITIALIZED_AUTOS = YES_AGGRESSIVE;
				GCC_WARN_UNUSED_FUNCTION = YES;
				GCC_WARN_UNUSED_VARIABLE = YES;
				IPHONEOS_DEPLOYMENT_TARGET = 9.0;
				MTL_ENABLE_DEBUG_INFO = YES;
				ONLY_ACTIVE_ARCH = YES;
				SDKROOT = iphoneos;
				SWIFT_OPTIMIZATION_LEVEL = "-Onone";
				TARGETED_DEVICE_FAMILY = "1,2";
			};
			name = Debug;
		};
		D0A1BE201BBCA38A00B510A7 /* Release */ = {
			isa = XCBuildConfiguration;
			buildSettings = {
				ALWAYS_SEARCH_USER_PATHS = NO;
				CLANG_CXX_LANGUAGE_STANDARD = "gnu++0x";
				CLANG_CXX_LIBRARY = "libc++";
				CLANG_ENABLE_MODULES = YES;
				CLANG_ENABLE_OBJC_ARC = YES;
				CLANG_WARN_BOOL_CONVERSION = YES;
				CLANG_WARN_CONSTANT_CONVERSION = YES;
				CLANG_WARN_DIRECT_OBJC_ISA_USAGE = YES_ERROR;
				CLANG_WARN_EMPTY_BODY = YES;
				CLANG_WARN_ENUM_CONVERSION = YES;
				CLANG_WARN_INT_CONVERSION = YES;
				CLANG_WARN_OBJC_ROOT_CLASS = YES_ERROR;
				CLANG_WARN_UNREACHABLE_CODE = YES;
				CLANG_WARN__DUPLICATE_METHOD_MATCH = YES;
				"CODE_SIGN_IDENTITY[sdk=iphoneos*]" = "iPhone Developer";
				COPY_PHASE_STRIP = NO;
				DEBUG_INFORMATION_FORMAT = "dwarf-with-dsym";
				ENABLE_NS_ASSERTIONS = NO;
				ENABLE_STRICT_OBJC_MSGSEND = YES;
				GCC_C_LANGUAGE_STANDARD = gnu99;
				GCC_NO_COMMON_BLOCKS = YES;
				GCC_WARN_64_TO_32_BIT_CONVERSION = YES;
				GCC_WARN_ABOUT_RETURN_TYPE = YES_ERROR;
				GCC_WARN_UNDECLARED_SELECTOR = YES;
				GCC_WARN_UNINITIALIZED_AUTOS = YES_AGGRESSIVE;
				GCC_WARN_UNUSED_FUNCTION = YES;
				GCC_WARN_UNUSED_VARIABLE = YES;
				IPHONEOS_DEPLOYMENT_TARGET = 9.0;
				MTL_ENABLE_DEBUG_INFO = NO;
				SDKROOT = iphoneos;
				TARGETED_DEVICE_FAMILY = "1,2";
				VALIDATE_PRODUCT = YES;
			};
			name = Release;
		};
		D0A1BE221BBCA38A00B510A7 /* Debug */ = {
			isa = XCBuildConfiguration;
			buildSettings = {
				ASSETCATALOG_COMPILER_APPICON_NAME = AppIcon;
				INFOPLIST_FILE = "Rooms!/Info.plist";
				LD_RUNPATH_SEARCH_PATHS = "$(inherited) @executable_path/Frameworks";
				PRODUCT_BUNDLE_IDENTIFIER = "com.JustinLennox.Rooms-";
				PRODUCT_NAME = "$(TARGET_NAME)";
			};
			name = Debug;
		};
		D0A1BE231BBCA38A00B510A7 /* Release */ = {
			isa = XCBuildConfiguration;
			buildSettings = {
				ASSETCATALOG_COMPILER_APPICON_NAME = AppIcon;
				INFOPLIST_FILE = "Rooms!/Info.plist";
				LD_RUNPATH_SEARCH_PATHS = "$(inherited) @executable_path/Frameworks";
				PRODUCT_BUNDLE_IDENTIFIER = "com.JustinLennox.Rooms-";
				PRODUCT_NAME = "$(TARGET_NAME)";
			};
			name = Release;
		};
		D0A1BE251BBCA38A00B510A7 /* Debug */ = {
			isa = XCBuildConfiguration;
			buildSettings = {
				BUNDLE_LOADER = "$(TEST_HOST)";
				INFOPLIST_FILE = "Rooms!Tests/Info.plist";
				LD_RUNPATH_SEARCH_PATHS = "$(inherited) @executable_path/Frameworks @loader_path/Frameworks";
				PRODUCT_BUNDLE_IDENTIFIER = "com.JustinLennox.Rooms-Tests";
				PRODUCT_NAME = "$(TARGET_NAME)";
				TEST_HOST = "$(BUILT_PRODUCTS_DIR)/Rooms!.app/Rooms!";
			};
			name = Debug;
		};
		D0A1BE261BBCA38A00B510A7 /* Release */ = {
			isa = XCBuildConfiguration;
			buildSettings = {
				BUNDLE_LOADER = "$(TEST_HOST)";
				INFOPLIST_FILE = "Rooms!Tests/Info.plist";
				LD_RUNPATH_SEARCH_PATHS = "$(inherited) @executable_path/Frameworks @loader_path/Frameworks";
				PRODUCT_BUNDLE_IDENTIFIER = "com.JustinLennox.Rooms-Tests";
				PRODUCT_NAME = "$(TARGET_NAME)";
				TEST_HOST = "$(BUILT_PRODUCTS_DIR)/Rooms!.app/Rooms!";
			};
			name = Release;
		};
		D0A1BE281BBCA38A00B510A7 /* Debug */ = {
			isa = XCBuildConfiguration;
			buildSettings = {
				INFOPLIST_FILE = "Rooms!UITests/Info.plist";
				LD_RUNPATH_SEARCH_PATHS = "$(inherited) @executable_path/Frameworks @loader_path/Frameworks";
				PRODUCT_BUNDLE_IDENTIFIER = "com.JustinLennox.Rooms-UITests";
				PRODUCT_NAME = "$(TARGET_NAME)";
				TEST_TARGET_NAME = "Rooms!";
				USES_XCTRUNNER = YES;
			};
			name = Debug;
		};
		D0A1BE291BBCA38A00B510A7 /* Release */ = {
			isa = XCBuildConfiguration;
			buildSettings = {
				INFOPLIST_FILE = "Rooms!UITests/Info.plist";
				LD_RUNPATH_SEARCH_PATHS = "$(inherited) @executable_path/Frameworks @loader_path/Frameworks";
				PRODUCT_BUNDLE_IDENTIFIER = "com.JustinLennox.Rooms-UITests";
				PRODUCT_NAME = "$(TARGET_NAME)";
				TEST_TARGET_NAME = "Rooms!";
				USES_XCTRUNNER = YES;
			};
			name = Release;
		};
/* End XCBuildConfiguration section */

/* Begin XCConfigurationList section */
		D0A1BDF41BBCA38900B510A7 /* Build configuration list for PBXProject "Rooms!" */ = {
			isa = XCConfigurationList;
			buildConfigurations = (
				D0A1BE1F1BBCA38A00B510A7 /* Debug */,
				D0A1BE201BBCA38A00B510A7 /* Release */,
			);
			defaultConfigurationIsVisible = 0;
			defaultConfigurationName = Release;
		};
		D0A1BE211BBCA38A00B510A7 /* Build configuration list for PBXNativeTarget "Rooms!" */ = {
			isa = XCConfigurationList;
			buildConfigurations = (
				D0A1BE221BBCA38A00B510A7 /* Debug */,
				D0A1BE231BBCA38A00B510A7 /* Release */,
			);
			defaultConfigurationIsVisible = 0;
			defaultConfigurationName = Release;
		};
		D0A1BE241BBCA38A00B510A7 /* Build configuration list for PBXNativeTarget "Rooms!Tests" */ = {
			isa = XCConfigurationList;
			buildConfigurations = (
				D0A1BE251BBCA38A00B510A7 /* Debug */,
				D0A1BE261BBCA38A00B510A7 /* Release */,
			);
			defaultConfigurationIsVisible = 0;
			defaultConfigurationName = Release;
		};
		D0A1BE271BBCA38A00B510A7 /* Build configuration list for PBXNativeTarget "Rooms!UITests" */ = {
			isa = XCConfigurationList;
			buildConfigurations = (
				D0A1BE281BBCA38A00B510A7 /* Debug */,
				D0A1BE291BBCA38A00B510A7 /* Release */,
			);
			defaultConfigurationIsVisible = 0;
			defaultConfigurationName = Release;
		};
/* End XCConfigurationList section */
	};
	rootObject = D0A1BDF11BBCA38900B510A7 /* Project object */;
}
